{
  "dependencies": {
    "react": {
      "version": "0.14.8",
      "resolved": "https://registry.npmjs.org/react/-/react-0.14.8.tgz",
      "from": "https://registry.npmjs.org/react/-/react-0.14.8.tgz",
      "dependencies": {
        "envify": {
          "version": "3.4.0",
          "resolved": "https://registry.npmjs.org/envify/-/envify-3.4.0.tgz",
          "from": "https://registry.npmjs.org/envify/-/envify-3.4.0.tgz",
          "dependencies": {
            "jstransform": {
              "version": "10.1.0",
              "resolved": "https://registry.npmjs.org/jstransform/-/jstransform-10.1.0.tgz",
              "from": "https://registry.npmjs.org/jstransform/-/jstransform-10.1.0.tgz",
              "dependencies": {
                "base62": {
                  "version": "0.1.1",
                  "resolved": "https://registry.npmjs.org/base62/-/base62-0.1.1.tgz",
                  "from": "https://registry.npmjs.org/base62/-/base62-0.1.1.tgz"
                },
                "esprima-fb": {
                  "version": "13001.1001.0-dev-harmony-fb",
                  "resolved": "https://registry.npmjs.org/esprima-fb/-/esprima-fb-13001.1001.0-dev-harmony-fb.tgz",
                  "from": "https://registry.npmjs.org/esprima-fb/-/esprima-fb-13001.1001.0-dev-harmony-fb.tgz"
                },
                "source-map": {
                  "version": "0.1.31",
                  "resolved": "https://registry.npmjs.org/source-map/-/source-map-0.1.31.tgz",
                  "from": "https://registry.npmjs.org/source-map/-/source-map-0.1.31.tgz",
                  "dependencies": {
                    "amdefine": {
                      "version": "1.0.0",
                      "resolved": "https://registry.npmjs.org/amdefine/-/amdefine-1.0.0.tgz",
                      "from": "https://registry.npmjs.org/amdefine/-/amdefine-1.0.0.tgz"
                    }
                  }
                }
              }
            },
            "through": {
              "version": "2.3.8",
              "resolved": "https://registry.npmjs.org/through/-/through-2.3.8.tgz",
              "from": "https://registry.npmjs.org/through/-/through-2.3.8.tgz"
            }
          }
        },
        "fbjs": {
          "version": "0.6.1",
          "resolved": "https://registry.npmjs.org/fbjs/-/fbjs-0.6.1.tgz",
          "from": "https://registry.npmjs.org/fbjs/-/fbjs-0.6.1.tgz",
          "dependencies": {
            "core-js": {
              "version": "1.2.6",
              "resolved": "https://registry.npmjs.org/core-js/-/core-js-1.2.6.tgz",
              "from": "https://registry.npmjs.org/core-js/-/core-js-1.2.6.tgz"
            },
            "loose-envify": {
              "version": "1.1.0",
              "resolved": "https://registry.npmjs.org/loose-envify/-/loose-envify-1.1.0.tgz",
              "from": "https://registry.npmjs.org/loose-envify/-/loose-envify-1.1.0.tgz",
              "dependencies": {
                "js-tokens": {
                  "version": "1.0.3",
                  "resolved": "https://registry.npmjs.org/js-tokens/-/js-tokens-1.0.3.tgz",
                  "from": "https://registry.npmjs.org/js-tokens/-/js-tokens-1.0.3.tgz"
                }
              }
            },
            "promise": {
              "version": "7.1.1",
              "resolved": "https://registry.npmjs.org/promise/-/promise-7.1.1.tgz",
              "from": "https://registry.npmjs.org/promise/-/promise-7.1.1.tgz",
              "dependencies": {
                "asap": {
                  "version": "2.0.3",
                  "resolved": "https://registry.npmjs.org/asap/-/asap-2.0.3.tgz",
                  "from": "https://registry.npmjs.org/asap/-/asap-2.0.3.tgz"
                }
              }
            },
            "ua-parser-js": {
              "version": "0.7.10",
              "resolved": "https://registry.npmjs.org/ua-parser-js/-/ua-parser-js-0.7.10.tgz",
              "from": "https://registry.npmjs.org/ua-parser-js/-/ua-parser-js-0.7.10.tgz"
            },
            "whatwg-fetch": {
              "version": "0.9.0",
              "resolved": "https://registry.npmjs.org/whatwg-fetch/-/whatwg-fetch-0.9.0.tgz",
              "from": "https://registry.npmjs.org/whatwg-fetch/-/whatwg-fetch-0.9.0.tgz"
            }
          }
        }
      }
    },
    "react-dom": {
      "version": "0.14.8",
      "resolved": "https://registry.npmjs.org/react-dom/-/react-dom-0.14.8.tgz",
      "from": "react-dom@>=0.14.0 <0.15.0"
    },
    "velocity-animate": {
      "version": "1.2.3",
      "resolved": "https://registry.npmjs.org/velocity-animate/-/velocity-animate-1.2.3.tgz",
      "from": "https://registry.npmjs.org/velocity-animate/-/velocity-animate-1.2.3.tgz",
      "dependencies": {
        "jquery": {
          "version": "2.2.2",
          "resolved": "https://registry.npmjs.org/jquery/-/jquery-2.2.2.tgz",
          "from": "https://registry.npmjs.org/jquery/-/jquery-2.2.2.tgz"
        }
      }
    },
    "velocity-react": {
      "version": "1.1.1",
      "resolved": "https://registry.npmjs.org/velocity-react/-/velocity-react-1.1.1.tgz",
      "from": "https://registry.npmjs.org/velocity-react/-/velocity-react-1.1.1.tgz",
      "dependencies": {
        "lodash": {
          "version": "3.10.1",
          "resolved": "https://registry.npmjs.org/lodash/-/lodash-3.10.1.tgz",
          "from": "https://registry.npmjs.org/lodash/-/lodash-3.10.1.tgz"
        },
        "react-addons-transition-group": {
          "version": "0.14.8",
          "resolved": "https://registry.npmjs.org/react-addons-transition-group/-/react-addons-transition-group-0.14.8.tgz",
          "from": "https://registry.npmjs.org/react-addons-transition-group/-/react-addons-transition-group-0.14.8.tgz"
        }
      }
    }
  }
}
